# THIS IS AN AUTOGENERATED FILE. DO NOT EDIT THIS FILE DIRECTLY.
# yarn lockfile v1


bobril-m-icons@*:
  version "2.1.0"
  resolved "https://registry.yarnpkg.com/bobril-m-icons/-/bobril-m-icons-2.1.0.tgz#32f81d515a7faf71f857a2ed1b637ec566f4161f"
  integrity sha1-MvgdUVp/r3H4V6LtG2N+xWb0Fh8=
  dependencies:
    bobril "*"

bobril@*:
  version "14.5.0"
  resolved "https://registry.yarnpkg.com/bobril/-/bobril-14.5.0.tgz#9176878125052cdcbd519e151ef570d3f1409b0f"
  integrity sha512-oWTc6txKembWnBySiXDkUkFZGoT0ni8Z/hpSChgX5Gp9mFXwqhGr7NEEruTmBJe6RgOrCn37i5EzPo4X7Y6vLQ==

typescript@*:
  version "3.8.3"
  resolved "https://registry.yarnpkg.com/typescript/-/typescript-3.8.3.tgz#409eb8544ea0335711205869ec458ab109ee1061"
  integrity sha512-MYlEfn5VrLNsgudQTVJeNaQFUAI7DkhnOjdpAp4T+ku1TfQClewlbSuTVHiA+8skNBgaf02TL/kLOvig4y3G8w==
