# THIS IS AN AUTOGENERATED FILE. DO NOT EDIT THIS FILE DIRECTLY.
# yarn lockfile v1


bobril-m-icons@*:
  version "2.1.0"
  resolved "https://registry.yarnpkg.com/bobril-m-icons/-/bobril-m-icons-2.1.0.tgz#32f81d515a7faf71f857a2ed1b637ec566f4161f"
  integrity sha1-MvgdUVp/r3H4V6LtG2N+xWb0Fh8=
  dependencies:
    bobril "*"

bobril@*:
  version "13.1.1"
  resolved "https://registry.yarnpkg.com/bobril/-/bobril-13.1.1.tgz#e117b536c3021e4e24ba810bc63237d0fb948c97"
  integrity sha512-V86BHkprRETWDiYjBmWIIC3rLRwnOL2Gs8Ljg3+zOre8g7ecO7WP7x5Vlm4ny0fxoYq4/QwkgioUsAI+dkMFdA==

typescript@*:
  version "3.7.2"
  resolved "https://registry.yarnpkg.com/typescript/-/typescript-3.7.2.tgz#27e489b95fa5909445e9fef5ee48d81697ad18fb"
  integrity sha512-ml7V7JfiN2Xwvcer+XAf2csGO1bPBdRbFCkYBczNZggrBZ9c7G3riSUeJmqEU5uOtXNPMhE3n+R4FA/3YOAWOQ==
